
Microsoft Visual Studio Solution File, Format Version 12.00
# Visual Studio 15
VisualStudioVersion = 15.0.28307.168
MinimumVisualStudioVersion = 10.0.40219.1
Project("{8BC9CEB8-8B4A-11D0-8D11-00A0C91BC942}") = "오목게임만들기", "오목게임만들기\오목게임만들기.vcxproj", "{C80DD8DF-4054-43BF-93CB-0F1CCC69BA0D}"
EndProject
Global
	GlobalSection(SolutionConfigurationPlatforms) = preSolution
		Debug|x64 = Debug|x64
		Debug|x86 = Debug|x86
		Release|x64 = Release|x64
		Release|x86 = Release|x86
	EndGlobalSection
	GlobalSection(ProjectConfigurationPlatforms) = postSolution
		{C80DD8DF-4054-43BF-93CB-0F1CCC69BA0D}.Debug|x64.ActiveCfg = Debug|x64
		{C80DD8DF-4054-43BF-93CB-0F1CCC69BA0D}.Debug|x64.Build.0 = Debug|x64
		{C80DD8DF-4054-43BF-93CB-0F1CCC69BA0D}.Debug|x86.ActiveCfg = Debug|Win32
		{C80DD8DF-4054-43BF-93CB-0F1CCC69BA0D}.Debug|x86.Build.0 = Debug|Win32
		{C80DD8DF-4054-43BF-93CB-0F1CCC69BA0D}.Release|x64.ActiveCfg = Release|x64
		{C80DD8DF-4054-43BF-93CB-0F1CCC69BA0D}.Release|x64.Build.0 = Release|x64
		{C80DD8DF-4054-43BF-93CB-0F1CCC69BA0D}.Release|x86.ActiveCfg = Release|Win32
		{C80DD8DF-4054-43BF-93CB-0F1CCC69BA0D}.Release|x86.Build.0 = Release|Win32
	EndGlobalSection
	GlobalSection(SolutionProperties) = preSolution
		HideSolutionNode = FALSE
	EndGlobalSection
	GlobalSection(ExtensibilityGlobals) = postSolution
		SolutionGuid = {D43D8D3B-0F2A-4659-9555-1280E3E5341C}
	EndGlobalSection
EndGlobal
